
Microsoft Visual Studio Solution File, Format Version 12.00
# Visual Studio Version 17
VisualStudioVersion = 17.13.35919.96 d17.13
MinimumVisualStudioVersion = 10.0.40219.1
Project("{FAE04EC0-301F-11D3-BF4B-00C04F79EFBC}") = "project-venda-api", "project-venda-api\project-venda-api.csproj", "{74D08830-4B53-42C1-B3DF-170170C6D927}"
EndProject
Global
	GlobalSection(SolutionConfigurationPlatforms) = preSolution
		Debug|Any CPU = Debug|Any CPU
		Release|Any CPU = Release|Any CPU
	EndGlobalSection
	GlobalSection(ProjectConfigurationPlatforms) = postSolution
		{74D08830-4B53-42C1-B3DF-170170C6D927}.Debug|Any CPU.ActiveCfg = Debug|Any CPU
		{74D08830-4B53-42C1-B3DF-170170C6D927}.Debug|Any CPU.Build.0 = Debug|Any CPU
		{74D08830-4B53-42C1-B3DF-170170C6D927}.Release|Any CPU.ActiveCfg = Release|Any CPU
		{74D08830-4B53-42C1-B3DF-170170C6D927}.Release|Any CPU.Build.0 = Release|Any CPU
	EndGlobalSection
	GlobalSection(SolutionProperties) = preSolution
		HideSolutionNode = FALSE
	EndGlobalSection
	GlobalSection(ExtensibilityGlobals) = postSolution
		SolutionGuid = {40B6F6F3-2E24-4E9B-8AB2-84772DDFE43D}
	EndGlobalSection
EndGlobal
